
Microsoft Visual Studio Solution File, Format Version 12.00
# Visual Studio Version 17
VisualStudioVersion = 17.3.32825.248
MinimumVisualStudioVersion = 10.0.40219.1
Project("{FAE04EC0-301F-11D3-BF4B-00C04F79EFBC}") = "Labb2Angular", "Labb2Angular\Labb2Angular.csproj", "{4649E066-233F-4DEA-8824-EFCD934E9AA1}"
EndProject
Global
	GlobalSection(SolutionConfigurationPlatforms) = preSolution
		Debug|Any CPU = Debug|Any CPU
		Release|Any CPU = Release|Any CPU
	EndGlobalSection
	GlobalSection(ProjectConfigurationPlatforms) = postSolution
		{4649E066-233F-4DEA-8824-EFCD934E9AA1}.Debug|Any CPU.ActiveCfg = Debug|Any CPU
		{4649E066-233F-4DEA-8824-EFCD934E9AA1}.Debug|Any CPU.Build.0 = Debug|Any CPU
		{4649E066-233F-4DEA-8824-EFCD934E9AA1}.Release|Any CPU.ActiveCfg = Release|Any CPU
		{4649E066-233F-4DEA-8824-EFCD934E9AA1}.Release|Any CPU.Build.0 = Release|Any CPU
	EndGlobalSection
	GlobalSection(SolutionProperties) = preSolution
		HideSolutionNode = FALSE
	EndGlobalSection
	GlobalSection(ExtensibilityGlobals) = postSolution
		SolutionGuid = {5FCA2BF1-B1CE-469E-A794-2414EC915369}
	EndGlobalSection
EndGlobal
